// !$*UTF8*$!
{
	archiveVersion = 1;
	classes = {
	};
	objectVersion = 56;
	objects = {

/* Begin PBXBuildFile section */
		F4A5C2A229E3474800C51F1D /* ChatWithGPTApp.swift in Sources */ = {isa = PBXBuildFile; fileRef = F4A5C2A129E3474800C51F1D /* ChatWithGPTApp.swift */; };
		F4A5C2A429E3474800C51F1D /* ContentView.swift in Sources */ = {isa = PBXBuildFile; fileRef = F4A5C2A329E3474800C51F1D /* ContentView.swift */; };
		F4A5C2A629E3474900C51F1D /* Assets.xcassets in Resources */ = {isa = PBXBuildFile; fileRef = F4A5C2A529E3474900C51F1D /* Assets.xcassets */; };
		F4A5C2A929E3474900C51F1D /* Preview Assets.xcassets in Resources */ = {isa = PBXBuildFile; fileRef = F4A5C2A829E3474900C51F1D /* Preview Assets.xcassets */; };
		F4A5C2B329E3474900C51F1D /* ChatWithGPTTests.swift in Sources */ = {isa = PBXBuildFile; fileRef = F4A5C2B229E3474900C51F1D /* ChatWithGPTTests.swift */; };
		F4A5C2BD29E3474900C51F1D /* ChatWithGPTUITests.swift in Sources */ = {isa = PBXBuildFile; fileRef = F4A5C2BC29E3474900C51F1D /* ChatWithGPTUITests.swift */; };
		F4A5C2BF29E3474900C51F1D /* ChatWithGPTUITestsLaunchTests.swift in Sources */ = {isa = PBXBuildFile; fileRef = F4A5C2BE29E3474900C51F1D /* ChatWithGPTUITestsLaunchTests.swift */; };
/* End PBXBuildFile section */

/* Begin PBXContainerItemProxy section */
		F4A5C2AF29E3474900C51F1D /* PBXContainerItemProxy */ = {
			isa = PBXContainerItemProxy;
			containerPortal = F4A5C29629E3474800C51F1D /* Project object */;
			proxyType = 1;
			remoteGlobalIDString = F4A5C29D29E3474800C51F1D;
			remoteInfo = ChatWithGPT;
		};
		F4A5C2B929E3474900C51F1D /* PBXContainerItemProxy */ = {
			isa = PBXContainerItemProxy;
			containerPortal = F4A5C29629E3474800C51F1D /* Project object */;
			proxyType = 1;
			remoteGlobalIDString = F4A5C29D29E3474800C51F1D;
			remoteInfo = ChatWithGPT;
		};
/* End PBXContainerItemProxy section */

/* Begin PBXFileReference section */
		F4A5C29E29E3474800C51F1D /* ChatWithGPT.app */ = {isa = PBXFileReference; explicitFileType = wrapper.application; includeInIndex = 0; path = ChatWithGPT.app; sourceTree = BUILT_PRODUCTS_DIR; };
		F4A5C2A129E3474800C51F1D /* ChatWithGPTApp.swift */ = {isa = PBXFileReference; lastKnownFileType = sourcecode.swift; path = ChatWithGPTApp.swift; sourceTree = "<group>"; };
		F4A5C2A329E3474800C51F1D /* ContentView.swift */ = {isa = PBXFileReference; lastKnownFileType = sourcecode.swift; path = ContentView.swift; sourceTree = "<group>"; };
		F4A5C2A529E3474900C51F1D /* Assets.xcassets */ = {isa = PBXFileReference; lastKnownFileType = folder.assetcatalog; path = Assets.xcassets; sourceTree = "<group>"; };
		F4A5C2A829E3474900C51F1D /* Preview Assets.xcassets */ = {isa = PBXFileReference; lastKnownFileType = folder.assetcatalog; path = "Preview Assets.xcassets"; sourceTree = "<group>"; };
		F4A5C2AE29E3474900C51F1D /* ChatWithGPTTests.xctest */ = {isa = PBXFileReference; explicitFileType = wrapper.cfbundle; includeInIndex = 0; path = ChatWithGPTTests.xctest; sourceTree = BUILT_PRODUCTS_DIR; };
		F4A5C2B229E3474900C51F1D /* ChatWithGPTTests.swift */ = {isa = PBXFileReference; lastKnownFileType = sourcecode.swift; path = ChatWithGPTTests.swift; sourceTree = "<group>"; };
		F4A5C2B829E3474900C51F1D /* ChatWithGPTUITests.xctest */ = {isa = PBXFileReference; explicitFileType = wrapper.cfbundle; includeInIndex = 0; path = ChatWithGPTUITests.xctest; sourceTree = BUILT_PRODUCTS_DIR; };
		F4A5C2BC29E3474900C51F1D /* ChatWithGPTUITests.swift */ = {isa = PBXFileReference; lastKnownFileType = sourcecode.swift; path = ChatWithGPTUITests.swift; sourceTree = "<group>"; };
		F4A5C2BE29E3474900C51F1D /* ChatWithGPTUITestsLaunchTests.swift */ = {isa = PBXFileReference; lastKnownFileType = sourcecode.swift; path = ChatWithGPTUITestsLaunchTests.swift; sourceTree = "<group>"; };
/* End PBXFileReference section */

/* Begin PBXFrameworksBuildPhase section */
		F4A5C29B29E3474800C51F1D /* Frameworks */ = {
			isa = PBXFrameworksBuildPhase;
			buildActionMask = 2147483647;
			files = (
			);
			runOnlyForDeploymentPostprocessing = 0;
		};
		F4A5C2AB29E3474900C51F1D /* Frameworks */ = {
			isa = PBXFrameworksBuildPhase;
			buildActionMask = 2147483647;
			files = (
			);
			runOnlyForDeploymentPostprocessing = 0;
		};
		F4A5C2B529E3474900C51F1D /* Frameworks */ = {
			isa = PBXFrameworksBuildPhase;
			buildActionMask = 2147483647;
			files = (
			);
			runOnlyForDeploymentPostprocessing = 0;
		};
/* End PBXFrameworksBuildPhase section */

/* Begin PBXGroup section */
		F4A5C29529E3474800C51F1D = {
			isa = PBXGroup;
			children = (
				F4A5C2A029E3474800C51F1D /* ChatWithGPT */,
				F4A5C2B129E3474900C51F1D /* ChatWithGPTTests */,
				F4A5C2BB29E3474900C51F1D /* ChatWithGPTUITests */,
				F4A5C29F29E3474800C51F1D /* Products */,
			);
			sourceTree = "<group>";
		};
		F4A5C29F29E3474800C51F1D /* Products */ = {
			isa = PBXGroup;
			children = (
				F4A5C29E29E3474800C51F1D /* ChatWithGPT.app */,
				F4A5C2AE29E3474900C51F1D /* ChatWithGPTTests.xctest */,
				F4A5C2B829E3474900C51F1D /* ChatWithGPTUITests.xctest */,
			);
			name = Products;
			sourceTree = "<group>";
		};
		F4A5C2A029E3474800C51F1D /* ChatWithGPT */ = {
			isa = PBXGroup;
			children = (
				F4A5C2A129E3474800C51F1D /* ChatWithGPTApp.swift */,
				F4A5C2A329E3474800C51F1D /* ContentView.swift */,
				F4A5C2A529E3474900C51F1D /* Assets.xcassets */,
				F4A5C2A729E3474900C51F1D /* Preview Content */,
			);
			path = ChatWithGPT;
			sourceTree = "<group>";
		};
		F4A5C2A729E3474900C51F1D /* Preview Content */ = {
			isa = PBXGroup;
			children = (
				F4A5C2A829E3474900C51F1D /* Preview Assets.xcassets */,
			);
			path = "Preview Content";
			sourceTree = "<group>";
		};
		F4A5C2B129E3474900C51F1D /* ChatWithGPTTests */ = {
			isa = PBXGroup;
			children = (
				F4A5C2B229E3474900C51F1D /* ChatWithGPTTests.swift */,
			);
			path = ChatWithGPTTests;
			sourceTree = "<group>";
		};
		F4A5C2BB29E3474900C51F1D /* ChatWithGPTUITests */ = {
			isa = PBXGroup;
			children = (
				F4A5C2BC29E3474900C51F1D /* ChatWithGPTUITests.swift */,
				F4A5C2BE29E3474900C51F1D /* ChatWithGPTUITestsLaunchTests.swift */,
			);
			path = ChatWithGPTUITests;
			sourceTree = "<group>";
		};
/* End PBXGroup section */

/* Begin PBXNativeTarget section */
		F4A5C29D29E3474800C51F1D /* ChatWithGPT */ = {
			isa = PBXNativeTarget;
			buildConfigurationList = F4A5C2C229E3474900C51F1D /* Build configuration list for PBXNativeTarget "ChatWithGPT" */;
			buildPhases = (
				F4A5C29A29E3474800C51F1D /* Sources */,
				F4A5C29B29E3474800C51F1D /* Frameworks */,
				F4A5C29C29E3474800C51F1D /* Resources */,
			);
			buildRules = (
			);
			dependencies = (
			);
			name = ChatWithGPT;
			productName = ChatWithGPT;
			productReference = F4A5C29E29E3474800C51F1D /* ChatWithGPT.app */;
			productType = "com.apple.product-type.application";
		};
		F4A5C2AD29E3474900C51F1D /* ChatWithGPTTests */ = {
			isa = PBXNativeTarget;
			buildConfigurationList = F4A5C2C529E3474900C51F1D /* Build configuration list for PBXNativeTarget "ChatWithGPTTests" */;
			buildPhases = (
				F4A5C2AA29E3474900C51F1D /* Sources */,
				F4A5C2AB29E3474900C51F1D /* Frameworks */,
				F4A5C2AC29E3474900C51F1D /* Resources */,
			);
			buildRules = (
			);
			dependencies = (
				F4A5C2B029E3474900C51F1D /* PBXTargetDependency */,
			);
			name = ChatWithGPTTests;
			productName = ChatWithGPTTests;
			productReference = F4A5C2AE29E3474900C51F1D /* ChatWithGPTTests.xctest */;
			productType = "com.apple.product-type.bundle.unit-test";
		};
		F4A5C2B729E3474900C51F1D /* ChatWithGPTUITests */ = {
			isa = PBXNativeTarget;
			buildConfigurationList = F4A5C2C829E3474900C51F1D /* Build configuration list for PBXNativeTarget "ChatWithGPTUITests" */;
			buildPhases = (
				F4A5C2B429E3474900C51F1D /* Sources */,
				F4A5C2B529E3474900C51F1D /* Frameworks */,
				F4A5C2B629E3474900C51F1D /* Resources */,
			);
			buildRules = (
			);
			dependencies = (
				F4A5C2BA29E3474900C51F1D /* PBXTargetDependency */,
			);
			name = ChatWithGPTUITests;
			productName = ChatWithGPTUITests;
			productReference = F4A5C2B829E3474900C51F1D /* ChatWithGPTUITests.xctest */;
			productType = "com.apple.product-type.bundle.ui-testing";
		};
/* End PBXNativeTarget section */

/* Begin PBXProject section */
		F4A5C29629E3474800C51F1D /* Project object */ = {
			isa = PBXProject;
			attributes = {
				BuildIndependentTargetsInParallel = 1;
				LastSwiftUpdateCheck = 1430;
				LastUpgradeCheck = 1430;
				TargetAttributes = {
					F4A5C29D29E3474800C51F1D = {
						CreatedOnToolsVersion = 14.3;
					};
					F4A5C2AD29E3474900C51F1D = {
						CreatedOnToolsVersion = 14.3;
						TestTargetID = F4A5C29D29E3474800C51F1D;
					};
					F4A5C2B729E3474900C51F1D = {
						CreatedOnToolsVersion = 14.3;
						TestTargetID = F4A5C29D29E3474800C51F1D;
					};
				};
			};
			buildConfigurationList = F4A5C29929E3474800C51F1D /* Build configuration list for PBXProject "ChatWithGPT" */;
			compatibilityVersion = "Xcode 14.0";
			developmentRegion = en;
			hasScannedForEncodings = 0;
			knownRegions = (
				en,
				Base,
			);
			mainGroup = F4A5C29529E3474800C51F1D;
			productRefGroup = F4A5C29F29E3474800C51F1D /* Products */;
			projectDirPath = "";
			projectRoot = "";
			targets = (
				F4A5C29D29E3474800C51F1D /* ChatWithGPT */,
				F4A5C2AD29E3474900C51F1D /* ChatWithGPTTests */,
				F4A5C2B729E3474900C51F1D /* ChatWithGPTUITests */,
			);
		};
/* End PBXProject section */

/* Begin PBXResourcesBuildPhase section */
		F4A5C29C29E3474800C51F1D /* Resources */ = {
			isa = PBXResourcesBuildPhase;
			buildActionMask = 2147483647;
			files = (
				F4A5C2A929E3474900C51F1D /* Preview Assets.xcassets in Resources */,
				F4A5C2A629E3474900C51F1D /* Assets.xcassets in Resources */,
			);
			runOnlyForDeploymentPostprocessing = 0;
		};
		F4A5C2AC29E3474900C51F1D /* Resources */ = {
			isa = PBXResourcesBuildPhase;
			buildActionMask = 2147483647;
			files = (
			);
			runOnlyForDeploymentPostprocessing = 0;
		};
		F4A5C2B629E3474900C51F1D /* Resources */ = {
			isa = PBXResourcesBuildPhase;
			buildActionMask = 2147483647;
			files = (
			);
			runOnlyForDeploymentPostprocessing = 0;
		};
/* End PBXResourcesBuildPhase section */

/* Begin PBXSourcesBuildPhase section */
		F4A5C29A29E3474800C51F1D /* Sources */ = {
			isa = PBXSourcesBuildPhase;
			buildActionMask = 2147483647;
			files = (
				F4A5C2A429E3474800C51F1D /* ContentView.swift in Sources */,
				F4A5C2A229E3474800C51F1D /* ChatWithGPTApp.swift in Sources */,
			);
			runOnlyForDeploymentPostprocessing = 0;
		};
		F4A5C2AA29E3474900C51F1D /* Sources */ = {
			isa = PBXSourcesBuildPhase;
			buildActionMask = 2147483647;
			files = (
				F4A5C2B329E3474900C51F1D /* ChatWithGPTTests.swift in Sources */,
			);
			runOnlyForDeploymentPostprocessing = 0;
		};
		F4A5C2B429E3474900C51F1D /* Sources */ = {
			isa = PBXSourcesBuildPhase;
			buildActionMask = 2147483647;
			files = (
				F4A5C2BF29E3474900C51F1D /* ChatWithGPTUITestsLaunchTests.swift in Sources */,
				F4A5C2BD29E3474900C51F1D /* ChatWithGPTUITests.swift in Sources */,
			);
			runOnlyForDeploymentPostprocessing = 0;
		};
/* End PBXSourcesBuildPhase section */

/* Begin PBXTargetDependency section */
		F4A5C2B029E3474900C51F1D /* PBXTargetDependency */ = {
			isa = PBXTargetDependency;
			target = F4A5C29D29E3474800C51F1D /* ChatWithGPT */;
			targetProxy = F4A5C2AF29E3474900C51F1D /* PBXContainerItemProxy */;
		};
		F4A5C2BA29E3474900C51F1D /* PBXTargetDependency */ = {
			isa = PBXTargetDependency;
			target = F4A5C29D29E3474800C51F1D /* ChatWithGPT */;
			targetProxy = F4A5C2B929E3474900C51F1D /* PBXContainerItemProxy */;
		};
/* End PBXTargetDependency section */

/* Begin XCBuildConfiguration section */
		F4A5C2C029E3474900C51F1D /* Debug */ = {
			isa = XCBuildConfiguration;
			buildSettings = {
				ALWAYS_SEARCH_USER_PATHS = NO;
				CLANG_ANALYZER_NONNULL = YES;
				CLANG_ANALYZER_NUMBER_OBJECT_CONVERSION = YES_AGGRESSIVE;
				CLANG_CXX_LANGUAGE_STANDARD = "gnu++20";
				CLANG_ENABLE_MODULES = YES;
				CLANG_ENABLE_OBJC_ARC = YES;
				CLANG_ENABLE_OBJC_WEAK = YES;
				CLANG_WARN_BLOCK_CAPTURE_AUTORELEASING = YES;
				CLANG_WARN_BOOL_CONVERSION = YES;
				CLANG_WARN_COMMA = YES;
				CLANG_WARN_CONSTANT_CONVERSION = YES;
				CLANG_WARN_DEPRECATED_OBJC_IMPLEMENTATIONS = YES;
				CLANG_WARN_DIRECT_OBJC_ISA_USAGE = YES_ERROR;
				CLANG_WARN_DOCUMENTATION_COMMENTS = YES;
				CLANG_WARN_EMPTY_BODY = YES;
				CLANG_WARN_ENUM_CONVERSION = YES;
				CLANG_WARN_INFINITE_RECURSION = YES;
				CLANG_WARN_INT_CONVERSION = YES;
				CLANG_WARN_NON_LITERAL_NULL_CONVERSION = YES;
				CLANG_WARN_OBJC_IMPLICIT_RETAIN_SELF = YES;
				CLANG_WARN_OBJC_LITERAL_CONVERSION = YES;
				CLANG_WARN_OBJC_ROOT_CLASS = YES_ERROR;
				CLANG_WARN_QUOTED_INCLUDE_IN_FRAMEWORK_HEADER = YES;
				CLANG_WARN_RANGE_LOOP_ANALYSIS = YES;
				CLANG_WARN_STRICT_PROTOTYPES = YES;
				CLANG_WARN_SUSPICIOUS_MOVE = YES;
				CLANG_WARN_UNGUARDED_AVAILABILITY = YES_AGGRESSIVE;
				CLANG_WARN_UNREACHABLE_CODE = YES;
				CLANG_WARN__DUPLICATE_METHOD_MATCH = YES;
				COPY_PHASE_STRIP = NO;
				DEBUG_INFORMATION_FORMAT = dwarf;
				ENABLE_STRICT_OBJC_MSGSEND = YES;
				ENABLE_TESTABILITY = YES;
				GCC_C_LANGUAGE_STANDARD = gnu11;
				GCC_DYNAMIC_NO_PIC = NO;
				GCC_NO_COMMON_BLOCKS = YES;
				GCC_OPTIMIZATION_LEVEL = 0;
				GCC_PREPROCESSOR_DEFINITIONS = (
					"DEBUG=1",
					"$(inherited)",
				);
				GCC_WARN_64_TO_32_BIT_CONVERSION = YES;
				GCC_WARN_ABOUT_RETURN_TYPE = YES_ERROR;
				GCC_WARN_UNDECLARED_SELECTOR = YES;
				GCC_WARN_UNINITIALIZED_AUTOS = YES_AGGRESSIVE;
				GCC_WARN_UNUSED_FUNCTION = YES;
				GCC_WARN_UNUSED_VARIABLE = YES;
				IPHONEOS_DEPLOYMENT_TARGET = 16.4;
				MTL_ENABLE_DEBUG_INFO = INCLUDE_SOURCE;
				MTL_FAST_MATH = YES;
				ONLY_ACTIVE_ARCH = YES;
				SDKROOT = iphoneos;
				SWIFT_ACTIVE_COMPILATION_CONDITIONS = DEBUG;
				SWIFT_OPTIMIZATION_LEVEL = "-Onone";
			};
			name = Debug;
		};
		F4A5C2C129E3474900C51F1D /* Release */ = {
			isa = XCBuildConfiguration;
			buildSettings = {
				ALWAYS_SEARCH_USER_PATHS = NO;
				CLANG_ANALYZER_NONNULL = YES;
				CLANG_ANALYZER_NUMBER_OBJECT_CONVERSION = YES_AGGRESSIVE;
				CLANG_CXX_LANGUAGE_STANDARD = "gnu++20";
				CLANG_ENABLE_MODULES = YES;
				CLANG_ENABLE_OBJC_ARC = YES;
				CLANG_ENABLE_OBJC_WEAK = YES;
				CLANG_WARN_BLOCK_CAPTURE_AUTORELEASING = YES;
				CLANG_WARN_BOOL_CONVERSION = YES;
				CLANG_WARN_COMMA = YES;
				CLANG_WARN_CONSTANT_CONVERSION = YES;
				CLANG_WARN_DEPRECATED_OBJC_IMPLEMENTATIONS = YES;
				CLANG_WARN_DIRECT_OBJC_ISA_USAGE = YES_ERROR;
				CLANG_WARN_DOCUMENTATION_COMMENTS = YES;
				CLANG_WARN_EMPTY_BODY = YES;
				CLANG_WARN_ENUM_CONVERSION = YES;
				CLANG_WARN_INFINITE_RECURSION = YES;
				CLANG_WARN_INT_CONVERSION = YES;
				CLANG_WARN_NON_LITERAL_NULL_CONVERSION = YES;
				CLANG_WARN_OBJC_IMPLICIT_RETAIN_SELF = YES;
				CLANG_WARN_OBJC_LITERAL_CONVERSION = YES;
				CLANG_WARN_OBJC_ROOT_CLASS = YES_ERROR;
				CLANG_WARN_QUOTED_INCLUDE_IN_FRAMEWORK_HEADER = YES;
				CLANG_WARN_RANGE_LOOP_ANALYSIS = YES;
				CLANG_WARN_STRICT_PROTOTYPES = YES;
				CLANG_WARN_SUSPICIOUS_MOVE = YES;
				CLANG_WARN_UNGUARDED_AVAILABILITY = YES_AGGRESSIVE;
				CLANG_WARN_UNREACHABLE_CODE = YES;
				CLANG_WARN__DUPLICATE_METHOD_MATCH = YES;
				COPY_PHASE_STRIP = NO;
				DEBUG_INFORMATION_FORMAT = "dwarf-with-dsym";
				ENABLE_NS_ASSERTIONS = NO;
				ENABLE_STRICT_OBJC_MSGSEND = YES;
				GCC_C_LANGUAGE_STANDARD = gnu11;
				GCC_NO_COMMON_BLOCKS = YES;
				GCC_WARN_64_TO_32_BIT_CONVERSION = YES;
				GCC_WARN_ABOUT_RETURN_TYPE = YES_ERROR;
				GCC_WARN_UNDECLARED_SELECTOR = YES;
				GCC_WARN_UNINITIALIZED_AUTOS = YES_AGGRESSIVE;
				GCC_WARN_UNUSED_FUNCTION = YES;
				GCC_WARN_UNUSED_VARIABLE = YES;
				IPHONEOS_DEPLOYMENT_TARGET = 16.4;
				MTL_ENABLE_DEBUG_INFO = NO;
				MTL_FAST_MATH = YES;
				SDKROOT = iphoneos;
				SWIFT_COMPILATION_MODE = wholemodule;
				SWIFT_OPTIMIZATION_LEVEL = "-O";
				VALIDATE_PRODUCT = YES;
			};
			name = Release;
		};
		F4A5C2C329E3474900C51F1D /* Debug */ = {
			isa = XCBuildConfiguration;
			buildSettings = {
				ASSETCATALOG_COMPILER_APPICON_NAME = AppIcon;
				ASSETCATALOG_COMPILER_GLOBAL_ACCENT_COLOR_NAME = AccentColor;
				CODE_SIGN_STYLE = Automatic;
				CURRENT_PROJECT_VERSION = 1;
				DEVELOPMENT_ASSET_PATHS = "\"ChatWithGPT/Preview Content\"";
				DEVELOPMENT_TEAM = P34DWRQG2A;
				ENABLE_PREVIEWS = YES;
				GENERATE_INFOPLIST_FILE = YES;
				INFOPLIST_KEY_UIApplicationSceneManifest_Generation = YES;
				INFOPLIST_KEY_UIApplicationSupportsIndirectInputEvents = YES;
				INFOPLIST_KEY_UILaunchScreen_Generation = YES;
				INFOPLIST_KEY_UISupportedInterfaceOrientations_iPad = "UIInterfaceOrientationPortrait UIInterfaceOrientationPortraitUpsideDown UIInterfaceOrientationLandscapeLeft UIInterfaceOrientationLandscapeRight";
				INFOPLIST_KEY_UISupportedInterfaceOrientations_iPhone = "UIInterfaceOrientationPortrait UIInterfaceOrientationLandscapeLeft UIInterfaceOrientationLandscapeRight";
				LD_RUNPATH_SEARCH_PATHS = (
					"$(inherited)",
					"@executable_path/Frameworks",
				);
				MARKETING_VERSION = 1.0;
				PRODUCT_BUNDLE_IDENTIFIER = com.shubshres.ChatWithGPT;
				PRODUCT_NAME = "$(TARGET_NAME)";
				SWIFT_EMIT_LOC_STRINGS = YES;
				SWIFT_VERSION = 5.0;
				TARGETED_DEVICE_FAMILY = "1,2";
			};
			name = Debug;
		};
		F4A5C2C429E3474900C51F1D /* Release */ = {
			isa = XCBuildConfiguration;
			buildSettings = {
				ASSETCATALOG_COMPILER_APPICON_NAME = AppIcon;
				ASSETCATALOG_COMPILER_GLOBAL_ACCENT_COLOR_NAME = AccentColor;
				CODE_SIGN_STYLE = Automatic;
				CURRENT_PROJECT_VERSION = 1;
				DEVELOPMENT_ASSET_PATHS = "\"ChatWithGPT/Preview Content\"";
				DEVELOPMENT_TEAM = P34DWRQG2A;
				ENABLE_PREVIEWS = YES;
				GENERATE_INFOPLIST_FILE = YES;
				INFOPLIST_KEY_UIApplicationSceneManifest_Generation = YES;
				INFOPLIST_KEY_UIApplicationSupportsIndirectInputEvents = YES;
				INFOPLIST_KEY_UILaunchScreen_Generation = YES;
				INFOPLIST_KEY_UISupportedInterfaceOrientations_iPad = "UIInterfaceOrientationPortrait UIInterfaceOrientationPortraitUpsideDown UIInterfaceOrientationLandscapeLeft UIInterfaceOrientationLandscapeRight";
				INFOPLIST_KEY_UISupportedInterfaceOrientations_iPhone = "UIInterfaceOrientationPortrait UIInterfaceOrientationLandscapeLeft UIInterfaceOrientationLandscapeRight";
				LD_RUNPATH_SEARCH_PATHS = (
					"$(inherited)",
					"@executable_path/Frameworks",
				);
				MARKETING_VERSION = 1.0;
				PRODUCT_BUNDLE_IDENTIFIER = com.shubshres.ChatWithGPT;
				PRODUCT_NAME = "$(TARGET_NAME)";
				SWIFT_EMIT_LOC_STRINGS = YES;
				SWIFT_VERSION = 5.0;
				TARGETED_DEVICE_FAMILY = "1,2";
			};
			name = Release;
		};
		F4A5C2C629E3474900C51F1D /* Debug */ = {
			isa = XCBuildConfiguration;
			buildSettings = {
				ALWAYS_EMBED_SWIFT_STANDARD_LIBRARIES = YES;
				BUNDLE_LOADER = "$(TEST_HOST)";
				CODE_SIGN_STYLE = Automatic;
				CURRENT_PROJECT_VERSION = 1;
				DEVELOPMENT_TEAM = P34DWRQG2A;
				GENERATE_INFOPLIST_FILE = YES;
				IPHONEOS_DEPLOYMENT_TARGET = 16.4;
				MARKETING_VERSION = 1.0;
				PRODUCT_BUNDLE_IDENTIFIER = com.shubshres.ChatWithGPTTests;
				PRODUCT_NAME = "$(TARGET_NAME)";
				SWIFT_EMIT_LOC_STRINGS = NO;
				SWIFT_VERSION = 5.0;
				TARGETED_DEVICE_FAMILY = "1,2";
				TEST_HOST = "$(BUILT_PRODUCTS_DIR)/ChatWithGPT.app/$(BUNDLE_EXECUTABLE_FOLDER_PATH)/ChatWithGPT";
			};
			name = Debug;
		};
		F4A5C2C729E3474900C51F1D /* Release */ = {
			isa = XCBuildConfiguration;
			buildSettings = {
				ALWAYS_EMBED_SWIFT_STANDARD_LIBRARIES = YES;
				BUNDLE_LOADER = "$(TEST_HOST)";
				CODE_SIGN_STYLE = Automatic;
				CURRENT_PROJECT_VERSION = 1;
				DEVELOPMENT_TEAM = P34DWRQG2A;
				GENERATE_INFOPLIST_FILE = YES;
				IPHONEOS_DEPLOYMENT_TARGET = 16.4;
				MARKETING_VERSION = 1.0;
				PRODUCT_BUNDLE_IDENTIFIER = com.shubshres.ChatWithGPTTests;
				PRODUCT_NAME = "$(TARGET_NAME)";
				SWIFT_EMIT_LOC_STRINGS = NO;
				SWIFT_VERSION = 5.0;
				TARGETED_DEVICE_FAMILY = "1,2";
				TEST_HOST = "$(BUILT_PRODUCTS_DIR)/ChatWithGPT.app/$(BUNDLE_EXECUTABLE_FOLDER_PATH)/ChatWithGPT";
			};
			name = Release;
		};
		F4A5C2C929E3474900C51F1D /* Debug */ = {
			isa = XCBuildConfiguration;
			buildSettings = {
				ALWAYS_EMBED_SWIFT_STANDARD_LIBRARIES = YES;
				CODE_SIGN_STYLE = Automatic;
				CURRENT_PROJECT_VERSION = 1;
				DEVELOPMENT_TEAM = P34DWRQG2A;
				GENERATE_INFOPLIST_FILE = YES;
				MARKETING_VERSION = 1.0;
				PRODUCT_BUNDLE_IDENTIFIER = com.shubshres.ChatWithGPTUITests;
				PRODUCT_NAME = "$(TARGET_NAME)";
				SWIFT_EMIT_LOC_STRINGS = NO;
				SWIFT_VERSION = 5.0;
				TARGETED_DEVICE_FAMILY = "1,2";
				TEST_TARGET_NAME = ChatWithGPT;
			};
			name = Debug;
		};
		F4A5C2CA29E3474900C51F1D /* Release */ = {
			isa = XCBuildConfiguration;
			buildSettings = {
				ALWAYS_EMBED_SWIFT_STANDARD_LIBRARIES = YES;
				CODE_SIGN_STYLE = Automatic;
				CURRENT_PROJECT_VERSION = 1;
				DEVELOPMENT_TEAM = P34DWRQG2A;
				GENERATE_INFOPLIST_FILE = YES;
				MARKETING_VERSION = 1.0;
				PRODUCT_BUNDLE_IDENTIFIER = com.shubshres.ChatWithGPTUITests;
				PRODUCT_NAME = "$(TARGET_NAME)";
				SWIFT_EMIT_LOC_STRINGS = NO;
				SWIFT_VERSION = 5.0;
				TARGETED_DEVICE_FAMILY = "1,2";
				TEST_TARGET_NAME = ChatWithGPT;
			};
			name = Release;
		};
/* End XCBuildConfiguration section */

/* Begin XCConfigurationList section */
		F4A5C29929E3474800C51F1D /* Build configuration list for PBXProject "ChatWithGPT" */ = {
			isa = XCConfigurationList;
			buildConfigurations = (
				F4A5C2C029E3474900C51F1D /* Debug */,
				F4A5C2C129E3474900C51F1D /* Release */,
			);
			defaultConfigurationIsVisible = 0;
			defaultConfigurationName = Release;
		};
		F4A5C2C229E3474900C51F1D /* Build configuration list for PBXNativeTarget "ChatWithGPT" */ = {
			isa = XCConfigurationList;
			buildConfigurations = (
				F4A5C2C329E3474900C51F1D /* Debug */,
				F4A5C2C429E3474900C51F1D /* Release */,
			);
			defaultConfigurationIsVisible = 0;
			defaultConfigurationName = Release;
		};
		F4A5C2C529E3474900C51F1D /* Build configuration list for PBXNativeTarget "ChatWithGPTTests" */ = {
			isa = XCConfigurationList;
			buildConfigurations = (
				F4A5C2C629E3474900C51F1D /* Debug */,
				F4A5C2C729E3474900C51F1D /* Release */,
			);
			defaultConfigurationIsVisible = 0;
			defaultConfigurationName = Release;
		};
		F4A5C2C829E3474900C51F1D /* Build configuration list for PBXNativeTarget "ChatWithGPTUITests" */ = {
			isa = XCConfigurationList;
			buildConfigurations = (
				F4A5C2C929E3474900C51F1D /* Debug */,
				F4A5C2CA29E3474900C51F1D /* Release */,
			);
			defaultConfigurationIsVisible = 0;
			defaultConfigurationName = Release;
		};
/* End XCConfigurationList section */
	};
	rootObject = F4A5C29629E3474800C51F1D /* Project object */;
}
